
Microsoft Visual Studio Solution File, Format Version 12.00
# Visual Studio 14
VisualStudioVersion = 14.0.25420.1
MinimumVisualStudioVersion = 10.0.40219.1
Project("{FAE04EC0-301F-11D3-BF4B-00C04F79EFBC}") = "Elvenar", "Elvenar.csproj", "{4882FA35-73E3-4253-830A-9CB23EEC9708}"
EndProject
Project("{FAE04EC0-301F-11D3-BF4B-00C04F79EFBC}") = "ElvenarTests", "..\ElvenarTests\ElvenarTests.csproj", "{A1A5881F-8CBB-4718-89BA-16CD1EAA5988}"
EndProject
Project("{FAE04EC0-301F-11D3-BF4B-00C04F79EFBC}") = "elvenar_city", "elvenar_city\elvenar_city.csproj", "{3531F0F8-714F-40F5-AE7C-151548364086}"
EndProject
Project("{FAE04EC0-301F-11D3-BF4B-00C04F79EFBC}") = "elvenar_devtools", "elvenar_devtools\elvenar_devtools.csproj", "{5E3E209E-D0D9-4200-8F88-2B583CA268F0}"
EndProject
Global
	GlobalSection(SolutionConfigurationPlatforms) = preSolution
		Debug|Any CPU = Debug|Any CPU
		Release|Any CPU = Release|Any CPU
	EndGlobalSection
	GlobalSection(ProjectConfigurationPlatforms) = postSolution
		{4882FA35-73E3-4253-830A-9CB23EEC9708}.Debug|Any CPU.ActiveCfg = Debug|Any CPU
		{4882FA35-73E3-4253-830A-9CB23EEC9708}.Debug|Any CPU.Build.0 = Debug|Any CPU
		{4882FA35-73E3-4253-830A-9CB23EEC9708}.Release|Any CPU.ActiveCfg = Release|Any CPU
		{4882FA35-73E3-4253-830A-9CB23EEC9708}.Release|Any CPU.Build.0 = Release|Any CPU
		{A1A5881F-8CBB-4718-89BA-16CD1EAA5988}.Debug|Any CPU.ActiveCfg = Debug|Any CPU
		{A1A5881F-8CBB-4718-89BA-16CD1EAA5988}.Debug|Any CPU.Build.0 = Debug|Any CPU
		{A1A5881F-8CBB-4718-89BA-16CD1EAA5988}.Release|Any CPU.ActiveCfg = Release|Any CPU
		{A1A5881F-8CBB-4718-89BA-16CD1EAA5988}.Release|Any CPU.Build.0 = Release|Any CPU
		{3531F0F8-714F-40F5-AE7C-151548364086}.Debug|Any CPU.ActiveCfg = Debug|Any CPU
		{3531F0F8-714F-40F5-AE7C-151548364086}.Release|Any CPU.ActiveCfg = Release|Any CPU
		{5E3E209E-D0D9-4200-8F88-2B583CA268F0}.Debug|Any CPU.ActiveCfg = Debug|Any CPU
		{5E3E209E-D0D9-4200-8F88-2B583CA268F0}.Release|Any CPU.ActiveCfg = Release|Any CPU
	EndGlobalSection
	GlobalSection(SolutionProperties) = preSolution
		HideSolutionNode = FALSE
	EndGlobalSection
EndGlobal
