
Microsoft Visual Studio Solution File, Format Version 12.00
# Visual Studio 14
VisualStudioVersion = 14.0.25420.1
MinimumVisualStudioVersion = 10.0.40219.1
Project("{FAE04EC0-301F-11D3-BF4B-00C04F79EFBC}") = "Elvenar", "Elvenar.csproj", "{4882FA35-73E3-4253-830A-9CB23EEC9708}"
EndProject
Project("{FAE04EC0-301F-11D3-BF4B-00C04F79EFBC}") = "ElvenarTests", "..\ElvenarTests\ElvenarTests.csproj", "{A1A5881F-8CBB-4718-89BA-16CD1EAA5988}"
EndProject
Project("{FAE04EC0-301F-11D3-BF4B-00C04F79EFBC}") = "elvenar_city", "elvenar_city\elvenar_city.csproj", "{3531F0F8-714F-40F5-AE7C-151548364086}"
EndProject
Project("{FAE04EC0-301F-11D3-BF4B-00C04F79EFBC}") = "elvenar_devtools", "elvenar_devtools\elvenar_devtools.csproj", "{5E3E209E-D0D9-4200-8F88-2B583CA268F0}"
EndProject
Project("{FAE04EC0-301F-11D3-BF4B-00C04F79EFBC}") = "elvenar_resources", "..\elvenar_resources\elvenar_resources.csproj", "{5C7D9B89-A936-4314-A918-E6E71CDF66D8}"
EndProject
Project("{262852C6-CD72-467D-83FE-5EEB1973A190}") = "elvenar_resource", "elvenar_resource\elvenar_resource.jsproj", "{FBEB1217-3E96-41CC-A6D2-EF4036A67544}"
EndProject
Global
	GlobalSection(SolutionConfigurationPlatforms) = preSolution
		Debug|Any CPU = Debug|Any CPU
		Debug|ARM = Debug|ARM
		Debug|x64 = Debug|x64
		Debug|x86 = Debug|x86
		Release|Any CPU = Release|Any CPU
		Release|ARM = Release|ARM
		Release|x64 = Release|x64
		Release|x86 = Release|x86
	EndGlobalSection
	GlobalSection(ProjectConfigurationPlatforms) = postSolution
		{4882FA35-73E3-4253-830A-9CB23EEC9708}.Debug|Any CPU.ActiveCfg = Debug|Any CPU
		{4882FA35-73E3-4253-830A-9CB23EEC9708}.Debug|Any CPU.Build.0 = Debug|Any CPU
		{4882FA35-73E3-4253-830A-9CB23EEC9708}.Debug|ARM.ActiveCfg = Debug|Any CPU
		{4882FA35-73E3-4253-830A-9CB23EEC9708}.Debug|ARM.Build.0 = Debug|Any CPU
		{4882FA35-73E3-4253-830A-9CB23EEC9708}.Debug|x64.ActiveCfg = Debug|Any CPU
		{4882FA35-73E3-4253-830A-9CB23EEC9708}.Debug|x64.Build.0 = Debug|Any CPU
		{4882FA35-73E3-4253-830A-9CB23EEC9708}.Debug|x86.ActiveCfg = Debug|Any CPU
		{4882FA35-73E3-4253-830A-9CB23EEC9708}.Debug|x86.Build.0 = Debug|Any CPU
		{4882FA35-73E3-4253-830A-9CB23EEC9708}.Release|Any CPU.ActiveCfg = Release|Any CPU
		{4882FA35-73E3-4253-830A-9CB23EEC9708}.Release|Any CPU.Build.0 = Release|Any CPU
		{4882FA35-73E3-4253-830A-9CB23EEC9708}.Release|ARM.ActiveCfg = Release|Any CPU
		{4882FA35-73E3-4253-830A-9CB23EEC9708}.Release|ARM.Build.0 = Release|Any CPU
		{4882FA35-73E3-4253-830A-9CB23EEC9708}.Release|x64.ActiveCfg = Release|Any CPU
		{4882FA35-73E3-4253-830A-9CB23EEC9708}.Release|x64.Build.0 = Release|Any CPU
		{4882FA35-73E3-4253-830A-9CB23EEC9708}.Release|x86.ActiveCfg = Release|Any CPU
		{4882FA35-73E3-4253-830A-9CB23EEC9708}.Release|x86.Build.0 = Release|Any CPU
		{A1A5881F-8CBB-4718-89BA-16CD1EAA5988}.Debug|Any CPU.ActiveCfg = Debug|Any CPU
		{A1A5881F-8CBB-4718-89BA-16CD1EAA5988}.Debug|Any CPU.Build.0 = Debug|Any CPU
		{A1A5881F-8CBB-4718-89BA-16CD1EAA5988}.Debug|ARM.ActiveCfg = Debug|Any CPU
		{A1A5881F-8CBB-4718-89BA-16CD1EAA5988}.Debug|ARM.Build.0 = Debug|Any CPU
		{A1A5881F-8CBB-4718-89BA-16CD1EAA5988}.Debug|x64.ActiveCfg = Debug|Any CPU
		{A1A5881F-8CBB-4718-89BA-16CD1EAA5988}.Debug|x64.Build.0 = Debug|Any CPU
		{A1A5881F-8CBB-4718-89BA-16CD1EAA5988}.Debug|x86.ActiveCfg = Debug|Any CPU
		{A1A5881F-8CBB-4718-89BA-16CD1EAA5988}.Debug|x86.Build.0 = Debug|Any CPU
		{A1A5881F-8CBB-4718-89BA-16CD1EAA5988}.Release|Any CPU.ActiveCfg = Release|Any CPU
		{A1A5881F-8CBB-4718-89BA-16CD1EAA5988}.Release|Any CPU.Build.0 = Release|Any CPU
		{A1A5881F-8CBB-4718-89BA-16CD1EAA5988}.Release|ARM.ActiveCfg = Release|Any CPU
		{A1A5881F-8CBB-4718-89BA-16CD1EAA5988}.Release|ARM.Build.0 = Release|Any CPU
		{A1A5881F-8CBB-4718-89BA-16CD1EAA5988}.Release|x64.ActiveCfg = Release|Any CPU
		{A1A5881F-8CBB-4718-89BA-16CD1EAA5988}.Release|x64.Build.0 = Release|Any CPU
		{A1A5881F-8CBB-4718-89BA-16CD1EAA5988}.Release|x86.ActiveCfg = Release|Any CPU
		{A1A5881F-8CBB-4718-89BA-16CD1EAA5988}.Release|x86.Build.0 = Release|Any CPU
		{3531F0F8-714F-40F5-AE7C-151548364086}.Debug|Any CPU.ActiveCfg = Debug|Any CPU
		{3531F0F8-714F-40F5-AE7C-151548364086}.Debug|ARM.ActiveCfg = Debug|Any CPU
		{3531F0F8-714F-40F5-AE7C-151548364086}.Debug|ARM.Build.0 = Debug|Any CPU
		{3531F0F8-714F-40F5-AE7C-151548364086}.Debug|x64.ActiveCfg = Debug|Any CPU
		{3531F0F8-714F-40F5-AE7C-151548364086}.Debug|x64.Build.0 = Debug|Any CPU
		{3531F0F8-714F-40F5-AE7C-151548364086}.Debug|x86.ActiveCfg = Debug|Any CPU
		{3531F0F8-714F-40F5-AE7C-151548364086}.Debug|x86.Build.0 = Debug|Any CPU
		{3531F0F8-714F-40F5-AE7C-151548364086}.Release|Any CPU.ActiveCfg = Release|Any CPU
		{3531F0F8-714F-40F5-AE7C-151548364086}.Release|ARM.ActiveCfg = Release|Any CPU
		{3531F0F8-714F-40F5-AE7C-151548364086}.Release|ARM.Build.0 = Release|Any CPU
		{3531F0F8-714F-40F5-AE7C-151548364086}.Release|x64.ActiveCfg = Release|Any CPU
		{3531F0F8-714F-40F5-AE7C-151548364086}.Release|x64.Build.0 = Release|Any CPU
		{3531F0F8-714F-40F5-AE7C-151548364086}.Release|x86.ActiveCfg = Release|Any CPU
		{3531F0F8-714F-40F5-AE7C-151548364086}.Release|x86.Build.0 = Release|Any CPU
		{5E3E209E-D0D9-4200-8F88-2B583CA268F0}.Debug|Any CPU.ActiveCfg = Debug|Any CPU
		{5E3E209E-D0D9-4200-8F88-2B583CA268F0}.Debug|ARM.ActiveCfg = Debug|Any CPU
		{5E3E209E-D0D9-4200-8F88-2B583CA268F0}.Debug|ARM.Build.0 = Debug|Any CPU
		{5E3E209E-D0D9-4200-8F88-2B583CA268F0}.Debug|x64.ActiveCfg = Debug|Any CPU
		{5E3E209E-D0D9-4200-8F88-2B583CA268F0}.Debug|x64.Build.0 = Debug|Any CPU
		{5E3E209E-D0D9-4200-8F88-2B583CA268F0}.Debug|x86.ActiveCfg = Debug|Any CPU
		{5E3E209E-D0D9-4200-8F88-2B583CA268F0}.Debug|x86.Build.0 = Debug|Any CPU
		{5E3E209E-D0D9-4200-8F88-2B583CA268F0}.Release|Any CPU.ActiveCfg = Release|Any CPU
		{5E3E209E-D0D9-4200-8F88-2B583CA268F0}.Release|ARM.ActiveCfg = Release|Any CPU
		{5E3E209E-D0D9-4200-8F88-2B583CA268F0}.Release|ARM.Build.0 = Release|Any CPU
		{5E3E209E-D0D9-4200-8F88-2B583CA268F0}.Release|x64.ActiveCfg = Release|Any CPU
		{5E3E209E-D0D9-4200-8F88-2B583CA268F0}.Release|x64.Build.0 = Release|Any CPU
		{5E3E209E-D0D9-4200-8F88-2B583CA268F0}.Release|x86.ActiveCfg = Release|Any CPU
		{5E3E209E-D0D9-4200-8F88-2B583CA268F0}.Release|x86.Build.0 = Release|Any CPU
		{5C7D9B89-A936-4314-A918-E6E71CDF66D8}.Debug|Any CPU.ActiveCfg = Debug|Any CPU
		{5C7D9B89-A936-4314-A918-E6E71CDF66D8}.Debug|Any CPU.Build.0 = Debug|Any CPU
		{5C7D9B89-A936-4314-A918-E6E71CDF66D8}.Debug|ARM.ActiveCfg = Debug|Any CPU
		{5C7D9B89-A936-4314-A918-E6E71CDF66D8}.Debug|ARM.Build.0 = Debug|Any CPU
		{5C7D9B89-A936-4314-A918-E6E71CDF66D8}.Debug|x64.ActiveCfg = Debug|Any CPU
		{5C7D9B89-A936-4314-A918-E6E71CDF66D8}.Debug|x64.Build.0 = Debug|Any CPU
		{5C7D9B89-A936-4314-A918-E6E71CDF66D8}.Debug|x86.ActiveCfg = Debug|Any CPU
		{5C7D9B89-A936-4314-A918-E6E71CDF66D8}.Debug|x86.Build.0 = Debug|Any CPU
		{5C7D9B89-A936-4314-A918-E6E71CDF66D8}.Release|Any CPU.ActiveCfg = Release|Any CPU
		{5C7D9B89-A936-4314-A918-E6E71CDF66D8}.Release|Any CPU.Build.0 = Release|Any CPU
		{5C7D9B89-A936-4314-A918-E6E71CDF66D8}.Release|ARM.ActiveCfg = Release|Any CPU
		{5C7D9B89-A936-4314-A918-E6E71CDF66D8}.Release|ARM.Build.0 = Release|Any CPU
		{5C7D9B89-A936-4314-A918-E6E71CDF66D8}.Release|x64.ActiveCfg = Release|Any CPU
		{5C7D9B89-A936-4314-A918-E6E71CDF66D8}.Release|x64.Build.0 = Release|Any CPU
		{5C7D9B89-A936-4314-A918-E6E71CDF66D8}.Release|x86.ActiveCfg = Release|Any CPU
		{5C7D9B89-A936-4314-A918-E6E71CDF66D8}.Release|x86.Build.0 = Release|Any CPU
		{FBEB1217-3E96-41CC-A6D2-EF4036A67544}.Debug|Any CPU.ActiveCfg = Debug|Any CPU
		{FBEB1217-3E96-41CC-A6D2-EF4036A67544}.Debug|Any CPU.Build.0 = Debug|Any CPU
		{FBEB1217-3E96-41CC-A6D2-EF4036A67544}.Debug|Any CPU.Deploy.0 = Debug|Any CPU
		{FBEB1217-3E96-41CC-A6D2-EF4036A67544}.Debug|ARM.ActiveCfg = Debug|ARM
		{FBEB1217-3E96-41CC-A6D2-EF4036A67544}.Debug|ARM.Build.0 = Debug|ARM
		{FBEB1217-3E96-41CC-A6D2-EF4036A67544}.Debug|ARM.Deploy.0 = Debug|ARM
		{FBEB1217-3E96-41CC-A6D2-EF4036A67544}.Debug|x64.ActiveCfg = Debug|x64
		{FBEB1217-3E96-41CC-A6D2-EF4036A67544}.Debug|x64.Build.0 = Debug|x64
		{FBEB1217-3E96-41CC-A6D2-EF4036A67544}.Debug|x64.Deploy.0 = Debug|x64
		{FBEB1217-3E96-41CC-A6D2-EF4036A67544}.Debug|x86.ActiveCfg = Debug|x86
		{FBEB1217-3E96-41CC-A6D2-EF4036A67544}.Debug|x86.Build.0 = Debug|x86
		{FBEB1217-3E96-41CC-A6D2-EF4036A67544}.Debug|x86.Deploy.0 = Debug|x86
		{FBEB1217-3E96-41CC-A6D2-EF4036A67544}.Release|Any CPU.ActiveCfg = Release|Any CPU
		{FBEB1217-3E96-41CC-A6D2-EF4036A67544}.Release|Any CPU.Build.0 = Release|Any CPU
		{FBEB1217-3E96-41CC-A6D2-EF4036A67544}.Release|Any CPU.Deploy.0 = Release|Any CPU
		{FBEB1217-3E96-41CC-A6D2-EF4036A67544}.Release|ARM.ActiveCfg = Release|ARM
		{FBEB1217-3E96-41CC-A6D2-EF4036A67544}.Release|ARM.Build.0 = Release|ARM
		{FBEB1217-3E96-41CC-A6D2-EF4036A67544}.Release|ARM.Deploy.0 = Release|ARM
		{FBEB1217-3E96-41CC-A6D2-EF4036A67544}.Release|x64.ActiveCfg = Release|x64
		{FBEB1217-3E96-41CC-A6D2-EF4036A67544}.Release|x64.Build.0 = Release|x64
		{FBEB1217-3E96-41CC-A6D2-EF4036A67544}.Release|x64.Deploy.0 = Release|x64
		{FBEB1217-3E96-41CC-A6D2-EF4036A67544}.Release|x86.ActiveCfg = Release|x86
		{FBEB1217-3E96-41CC-A6D2-EF4036A67544}.Release|x86.Build.0 = Release|x86
		{FBEB1217-3E96-41CC-A6D2-EF4036A67544}.Release|x86.Deploy.0 = Release|x86
	EndGlobalSection
	GlobalSection(SolutionProperties) = preSolution
		HideSolutionNode = FALSE
	EndGlobalSection
EndGlobal
